// !$*UTF8*$!
{
	archiveVersion = 1;
	classes = {
	};
	objectVersion = 46;
	objects = {

/* Begin PBXBuildFile section */
		F9789CA81F9B8AAE00FEEAAB /* Lab0601.cpp in Sources */ = {isa = PBXBuildFile; fileRef = F9789CA71F9B8AAE00FEEAAB /* Lab0601.cpp */; };
		F9789CB01F9B994100FEEAAB /* Lab0602.cpp in Sources */ = {isa = PBXBuildFile; fileRef = F9789CAE1F9B994100FEEAAB /* Lab0602.cpp */; };
		F9789CB31F9BA9CA00FEEAAB /* Lab0604.cpp in Sources */ = {isa = PBXBuildFile; fileRef = F9789CB11F9BA9CA00FEEAAB /* Lab0604.cpp */; };
/* End PBXBuildFile section */

/* Begin PBXCopyFilesBuildPhase section */
		F9789CA21F9B8AAE00FEEAAB /* CopyFiles */ = {
			isa = PBXCopyFilesBuildPhase;
			buildActionMask = 2147483647;
			dstPath = /usr/share/man/man1/;
			dstSubfolderSpec = 0;
			files = (
			);
			runOnlyForDeploymentPostprocessing = 1;
		};
/* End PBXCopyFilesBuildPhase section */

/* Begin PBXFileReference section */
		F9789CA41F9B8AAE00FEEAAB /* Lab06 */ = {isa = PBXFileReference; explicitFileType = "compiled.mach-o.executable"; includeInIndex = 0; path = Lab06; sourceTree = BUILT_PRODUCTS_DIR; };
		F9789CA71F9B8AAE00FEEAAB /* Lab0601.cpp */ = {isa = PBXFileReference; lastKnownFileType = sourcecode.cpp.cpp; path = Lab0601.cpp; sourceTree = "<group>"; };
		F9789CAE1F9B994100FEEAAB /* Lab0602.cpp */ = {isa = PBXFileReference; fileEncoding = 4; lastKnownFileType = sourcecode.cpp.cpp; path = Lab0602.cpp; sourceTree = "<group>"; };
		F9789CB11F9BA9CA00FEEAAB /* Lab0604.cpp */ = {isa = PBXFileReference; fileEncoding = 4; lastKnownFileType = sourcecode.cpp.cpp; path = Lab0604.cpp; sourceTree = "<group>"; };
/* End PBXFileReference section */

/* Begin PBXFrameworksBuildPhase section */
		F9789CA11F9B8AAE00FEEAAB /* Frameworks */ = {
			isa = PBXFrameworksBuildPhase;
			buildActionMask = 2147483647;
			files = (
			);
			runOnlyForDeploymentPostprocessing = 0;
		};
/* End PBXFrameworksBuildPhase section */

/* Begin PBXGroup section */
		F9789C9B1F9B8AAE00FEEAAB = {
			isa = PBXGroup;
			children = (
				F9789CA61F9B8AAE00FEEAAB /* Lab06 */,
				F9789CA51F9B8AAE00FEEAAB /* Products */,
			);
			sourceTree = "<group>";
		};
		F9789CA51F9B8AAE00FEEAAB /* Products */ = {
			isa = PBXGroup;
			children = (
				F9789CA41F9B8AAE00FEEAAB /* Lab06 */,
			);
			name = Products;
			sourceTree = "<group>";
		};
		F9789CA61F9B8AAE00FEEAAB /* Lab06 */ = {
			isa = PBXGroup;
			children = (
				F9789CA71F9B8AAE00FEEAAB /* Lab0601.cpp */,
				F9789CAE1F9B994100FEEAAB /* Lab0602.cpp */,
				F9789CB11F9BA9CA00FEEAAB /* Lab0604.cpp */,
			);
			path = Lab06;
			sourceTree = "<group>";
		};
/* End PBXGroup section */

/* Begin PBXNativeTarget section */
		F9789CA31F9B8AAE00FEEAAB /* Lab06 */ = {
			isa = PBXNativeTarget;
			buildConfigurationList = F9789CAB1F9B8AAE00FEEAAB /* Build configuration list for PBXNativeTarget "Lab06" */;
			buildPhases = (
				F9789CA01F9B8AAE00FEEAAB /* Sources */,
				F9789CA11F9B8AAE00FEEAAB /* Frameworks */,
				F9789CA21F9B8AAE00FEEAAB /* CopyFiles */,
			);
			buildRules = (
			);
			dependencies = (
			);
			name = Lab06;
			productName = Lab06;
			productReference = F9789CA41F9B8AAE00FEEAAB /* Lab06 */;
			productType = "com.apple.product-type.tool";
		};
/* End PBXNativeTarget section */

/* Begin PBXProject section */
		F9789C9C1F9B8AAE00FEEAAB /* Project object */ = {
			isa = PBXProject;
			attributes = {
				LastUpgradeCheck = 0820;
				ORGANIZATIONNAME = "Milind Pathiyal";
				TargetAttributes = {
					F9789CA31F9B8AAE00FEEAAB = {
						CreatedOnToolsVersion = 8.2.1;
						DevelopmentTeam = G6V8VF26HQ;
						ProvisioningStyle = Automatic;
					};
				};
			};
			buildConfigurationList = F9789C9F1F9B8AAE00FEEAAB /* Build configuration list for PBXProject "Lab06" */;
			compatibilityVersion = "Xcode 3.2";
			developmentRegion = English;
			hasScannedForEncodings = 0;
			knownRegions = (
				en,
			);
			mainGroup = F9789C9B1F9B8AAE00FEEAAB;
			productRefGroup = F9789CA51F9B8AAE00FEEAAB /* Products */;
			projectDirPath = "";
			projectRoot = "";
			targets = (
				F9789CA31F9B8AAE00FEEAAB /* Lab06 */,
			);
		};
/* End PBXProject section */

/* Begin PBXSourcesBuildPhase section */
		F9789CA01F9B8AAE00FEEAAB /* Sources */ = {
			isa = PBXSourcesBuildPhase;
			buildActionMask = 2147483647;
			files = (
				F9789CA81F9B8AAE00FEEAAB /* Lab0601.cpp in Sources */,
				F9789CB01F9B994100FEEAAB /* Lab0602.cpp in Sources */,
				F9789CB31F9BA9CA00FEEAAB /* Lab0604.cpp in Sources */,
			);
			runOnlyForDeploymentPostprocessing = 0;
		};
/* End PBXSourcesBuildPhase section */

/* Begin XCBuildConfiguration section */
		F9789CA91F9B8AAE00FEEAAB /* Debug */ = {
			isa = XCBuildConfiguration;
			buildSettings = {
				ALWAYS_SEARCH_USER_PATHS = NO;
				CLANG_ANALYZER_NONNULL = YES;
				CLANG_CXX_LANGUAGE_STANDARD = "gnu++0x";
				CLANG_CXX_LIBRARY = "libc++";
				CLANG_ENABLE_MODULES = YES;
				CLANG_ENABLE_OBJC_ARC = YES;
				CLANG_WARN_BOOL_CONVERSION = YES;
				CLANG_WARN_CONSTANT_CONVERSION = YES;
				CLANG_WARN_DIRECT_OBJC_ISA_USAGE = YES_ERROR;
				CLANG_WARN_DOCUMENTATION_COMMENTS = YES;
				CLANG_WARN_EMPTY_BODY = YES;
				CLANG_WARN_ENUM_CONVERSION = YES;
				CLANG_WARN_INFINITE_RECURSION = YES;
				CLANG_WARN_INT_CONVERSION = YES;
				CLANG_WARN_OBJC_ROOT_CLASS = YES_ERROR;
				CLANG_WARN_SUSPICIOUS_MOVE = YES;
				CLANG_WARN_UNREACHABLE_CODE = YES;
				CLANG_WARN__DUPLICATE_METHOD_MATCH = YES;
				CODE_SIGN_IDENTITY = "-";
				COPY_PHASE_STRIP = NO;
				DEBUG_INFORMATION_FORMAT = dwarf;
				ENABLE_STRICT_OBJC_MSGSEND = YES;
				ENABLE_TESTABILITY = YES;
				GCC_C_LANGUAGE_STANDARD = gnu99;
				GCC_DYNAMIC_NO_PIC = NO;
				GCC_NO_COMMON_BLOCKS = YES;
				GCC_OPTIMIZATION_LEVEL = 0;
				GCC_PREPROCESSOR_DEFINITIONS = (
					"DEBUG=1",
					"$(inherited)",
				);
				GCC_WARN_64_TO_32_BIT_CONVERSION = YES;
				GCC_WARN_ABOUT_RETURN_TYPE = YES_ERROR;
				GCC_WARN_UNDECLARED_SELECTOR = YES;
				GCC_WARN_UNINITIALIZED_AUTOS = YES_AGGRESSIVE;
				GCC_WARN_UNUSED_FUNCTION = YES;
				GCC_WARN_UNUSED_VARIABLE = YES;
				MACOSX_DEPLOYMENT_TARGET = 10.12;
				MTL_ENABLE_DEBUG_INFO = YES;
				ONLY_ACTIVE_ARCH = YES;
				SDKROOT = macosx;
			};
			name = Debug;
		};
		F9789CAA1F9B8AAE00FEEAAB /* Release */ = {
			isa = XCBuildConfiguration;
			buildSettings = {
				ALWAYS_SEARCH_USER_PATHS = NO;
				CLANG_ANALYZER_NONNULL = YES;
				CLANG_CXX_LANGUAGE_STANDARD = "gnu++0x";
				CLANG_CXX_LIBRARY = "libc++";
				CLANG_ENABLE_MODULES = YES;
				CLANG_ENABLE_OBJC_ARC = YES;
				CLANG_WARN_BOOL_CONVERSION = YES;
				CLANG_WARN_CONSTANT_CONVERSION = YES;
				CLANG_WARN_DIRECT_OBJC_ISA_USAGE = YES_ERROR;
				CLANG_WARN_DOCUMENTATION_COMMENTS = YES;
				CLANG_WARN_EMPTY_BODY = YES;
				CLANG_WARN_ENUM_CONVERSION = YES;
				CLANG_WARN_INFINITE_RECURSION = YES;
				CLANG_WARN_INT_CONVERSION = YES;
				CLANG_WARN_OBJC_ROOT_CLASS = YES_ERROR;
				CLANG_WARN_SUSPICIOUS_MOVE = YES;
				CLANG_WARN_UNREACHABLE_CODE = YES;
				CLANG_WARN__DUPLICATE_METHOD_MATCH = YES;
				CODE_SIGN_IDENTITY = "-";
				COPY_PHASE_STRIP = NO;
				DEBUG_INFORMATION_FORMAT = "dwarf-with-dsym";
				ENABLE_NS_ASSERTIONS = NO;
				ENABLE_STRICT_OBJC_MSGSEND = YES;
				GCC_C_LANGUAGE_STANDARD = gnu99;
				GCC_NO_COMMON_BLOCKS = YES;
				GCC_WARN_64_TO_32_BIT_CONVERSION = YES;
				GCC_WARN_ABOUT_RETURN_TYPE = YES_ERROR;
				GCC_WARN_UNDECLARED_SELECTOR = YES;
				GCC_WARN_UNINITIALIZED_AUTOS = YES_AGGRESSIVE;
				GCC_WARN_UNUSED_FUNCTION = YES;
				GCC_WARN_UNUSED_VARIABLE = YES;
				MACOSX_DEPLOYMENT_TARGET = 10.12;
				MTL_ENABLE_DEBUG_INFO = NO;
				SDKROOT = macosx;
			};
			name = Release;
		};
		F9789CAC1F9B8AAE00FEEAAB /* Debug */ = {
			isa = XCBuildConfiguration;
			buildSettings = {
				DEVELOPMENT_TEAM = G6V8VF26HQ;
				PRODUCT_NAME = "$(TARGET_NAME)";
			};
			name = Debug;
		};
		F9789CAD1F9B8AAE00FEEAAB /* Release */ = {
			isa = XCBuildConfiguration;
			buildSettings = {
				DEVELOPMENT_TEAM = G6V8VF26HQ;
				PRODUCT_NAME = "$(TARGET_NAME)";
			};
			name = Release;
		};
/* End XCBuildConfiguration section */

/* Begin XCConfigurationList section */
		F9789C9F1F9B8AAE00FEEAAB /* Build configuration list for PBXProject "Lab06" */ = {
			isa = XCConfigurationList;
			buildConfigurations = (
				F9789CA91F9B8AAE00FEEAAB /* Debug */,
				F9789CAA1F9B8AAE00FEEAAB /* Release */,
			);
			defaultConfigurationIsVisible = 0;
			defaultConfigurationName = Release;
		};
		F9789CAB1F9B8AAE00FEEAAB /* Build configuration list for PBXNativeTarget "Lab06" */ = {
			isa = XCConfigurationList;
			buildConfigurations = (
				F9789CAC1F9B8AAE00FEEAAB /* Debug */,
				F9789CAD1F9B8AAE00FEEAAB /* Release */,
			);
			defaultConfigurationIsVisible = 0;
			defaultConfigurationName = Release;
		};
/* End XCConfigurationList section */
	};
	rootObject = F9789C9C1F9B8AAE00FEEAAB /* Project object */;
}
